
Microsoft Visual Studio Solution File, Format Version 12.00
# Visual Studio Version 16
VisualStudioVersion = 16.0.30413.136
MinimumVisualStudioVersion = 10.0.40219.1
Project("{FAE04EC0-301F-11D3-BF4B-00C04F79EFBC}") = "Maximo", "Maximo.csproj", "{880EA400-8FB8-46F3-8832-43D64791E5B3}"
EndProject
Global
	GlobalSection(SolutionConfigurationPlatforms) = preSolution
		Debug|Any CPU = Debug|Any CPU
		Release|Any CPU = Release|Any CPU
	EndGlobalSection
	GlobalSection(ProjectConfigurationPlatforms) = postSolution
		{880EA400-8FB8-46F3-8832-43D64791E5B3}.Debug|Any CPU.ActiveCfg = Debug|Any CPU
		{880EA400-8FB8-46F3-8832-43D64791E5B3}.Debug|Any CPU.Build.0 = Debug|Any CPU
		{880EA400-8FB8-46F3-8832-43D64791E5B3}.Release|Any CPU.ActiveCfg = Release|Any CPU
		{880EA400-8FB8-46F3-8832-43D64791E5B3}.Release|Any CPU.Build.0 = Release|Any CPU
	EndGlobalSection
	GlobalSection(SolutionProperties) = preSolution
		HideSolutionNode = FALSE
	EndGlobalSection
	GlobalSection(ExtensibilityGlobals) = postSolution
		SolutionGuid = {C75FA79E-BC84-4069-953B-C0C65B2AEFE5}
	EndGlobalSection
EndGlobal
